github.com/davecgh/go-spew v1.1.1 h1:vj9j/u1bqnvCEfJOwUhtlOARqs3+rkHYY13jYWTU97c=
github.com/davecgh/go-spew v1.1.1/go.mod h1:J7Y8YcW2NihsgmVo/mv3lAwl/skON4iLHjSsI+c5H38=
github.com/shabbyrobe/golib v0.0.0-20190414022956-2ba07ba4fb04 h1:OIP1aMHhQYry68V2kyt67tGmJUgCbi8uucPa0YwY6Lk=
github.com/shabbyrobe/golib v0.0.0-20190414022956-2ba07ba4fb04/go.mod h1:A0K2jJciVDp5RFGaI+uKiUlzhFce6bamE621B9bJGjg=
